{
  "version": 4,
  "terraform_version": "1.10.0",
  "serial": 35,
  "lineage": "9b687cf9-61f8-3fb0-3b9e-e8a608ce289a",
  "outputs": {},
  "resources": [
    {
      "mode": "managed",
      "type": "aws_appsync_graphql_api",
      "name": "example0",
      "provider": "provider[\"registry.terraform.io/hashicorp/aws\"]",
      "instances": [
        {
          "schema_version": 0,
          "attributes": {
            "additional_authentication_provider": [
              {
                "authentication_type": "AWS_IAM",
                "lambda_authorizer_config": [],
                "openid_connect_config": [],
                "user_pool_config": []
              }
            ],
            "api_type": "GRAPHQL",
            "arn": "arn:aws:appsync:us-east-1:760170904058:apis/puje7xrnlngepdiutwb3gevlnu",
            "authentication_type": "API_KEY",
            "enhanced_metrics_config": [],
            "id": "puje7xrnlngepdiutwb3gevlnu",
            "introspection_config": "ENABLED",
            "lambda_authorizer_config": [],
            "log_config": [],
            "merged_api_execution_role_arn": "",
            "name": "My AppSync App",
            "openid_connect_config": [],
            "query_depth_limit": 0,
            "resolver_count_limit": 0,
            "schema": null,
            "tags": {
              "waf": "test"
            },
            "tags_all": {
              "waf": "test"
            },
            "uris": {
              "GRAPHQL": "https://3dtx3r44jzhynihskifuwc2iny.appsync-api.us-east-1.amazonaws.com/graphql",
              "REALTIME": "wss://3dtx3r44jzhynihskifuwc2iny.appsync-realtime-api.us-east-1.amazonaws.com/graphql"
            },
            "user_pool_config": [],
            "visibility": "GLOBAL",
            "xray_enabled": false
          },
          "sensitive_attributes": [],
          "private": "bnVsbA=="
        }
      ]
    },
    {
      "mode": "managed",
      "type": "aws_wafv2_web_acl",
      "name": "example1",
      "provider": "provider[\"registry.terraform.io/hashicorp/aws\"]",
      "instances": [
        {
          "schema_version": 0,
          "attributes": {
            "application_integration_url": "",
            "arn": "arn:aws:wafv2:us-east-1:760170904058:regional/webacl/FMManagedWebACLV2-FMS-TEST-1656966584517/39a94e95-ecc7-40c3-ba22-d4c3d40d99ea",
            "association_config": [],
            "capacity": 3,
            "captcha_config": [],
            "challenge_config": [],
            "custom_response_body": [],
            "default_action": [
              {
                "allow": [
                  {
                    "custom_request_handling": []
                  }
                ],
                "block": []
              }
            ],
            "description": "Example of a Cloudfront rate based statement.",
            "id": "39a94e95-ecc7-40c3-ba22-d4c3d40d99ea",
            "lock_token": "8de79eca-ae49-4269-91ab-ecc028ec2337",
            "name": "FMManagedWebACLV2-FMS-TEST-1656966584517",
            "rule": [
              {
                "action": [
                  {
                    "allow": [],
                    "block": [
                      {
                        "custom_response": []
                      }
                    ],
                    "captcha": [],
                    "challenge": [],
                    "count": []
                  }
                ],
                "captcha_config": [],
                "name": "rule-1",
                "override_action": [],
                "priority": 1,
                "rule_label": [],
                "statement": [
                  {
                    "and_statement": [],
                    "byte_match_statement": [],
                    "geo_match_statement": [],
                    "ip_set_reference_statement": [],
                    "label_match_statement": [],
                    "managed_rule_group_statement": [],
                    "not_statement": [],
                    "or_statement": [],
                    "rate_based_statement": [
                      {
                        "aggregate_key_type": "IP",
                        "custom_key": [],
                        "evaluation_window_sec": 300,
                        "forwarded_ip_config": [],
                        "limit": 10000,
                        "scope_down_statement": [
                          {
                            "and_statement": [],
                            "byte_match_statement": [],
                            "geo_match_statement": [
                              {
                                "country_codes": [
                                  "US",
                                  "NL"
                                ],
                                "forwarded_ip_config": []
                              }
                            ],
                            "ip_set_reference_statement": [],
                            "label_match_statement": [],
                            "not_statement": [],
                            "or_statement": [],
                            "regex_match_statement": [],
                            "regex_pattern_set_reference_statement": [],
                            "size_constraint_statement": [],
                            "sqli_match_statement": [],
                            "xss_match_statement": []
                          }
                        ]
                      }
                    ],
                    "regex_match_statement": [],
                    "regex_pattern_set_reference_statement": [],
                    "rule_group_reference_statement": [],
                    "size_constraint_statement": [],
                    "sqli_match_statement": [],
                    "xss_match_statement": []
                  }
                ],
                "visibility_config": [
                  {
                    "cloudwatch_metrics_enabled": false,
                    "metric_name": "friendly-rule-metric-name",
                    "sampled_requests_enabled": false
                  }
                ]
              }
            ],
            "rule_json": "",
            "scope": "REGIONAL",
            "tags": {
              "Tag1": "Value1",
              "Tag2": "Value2"
            },
            "tags_all": {
              "Tag1": "Value1",
              "Tag2": "Value2"
            },
            "token_domains": [],
            "visibility_config": [
              {
                "cloudwatch_metrics_enabled": false,
                "metric_name": "friendly-metric-name",
                "sampled_requests_enabled": false
              }
            ]
          },
          "sensitive_attributes": [],
          "private": "bnVsbA=="
        }
      ]
    },
    {
      "mode": "managed",
      "type": "aws_wafv2_web_acl",
      "name": "example2",
      "provider": "provider[\"registry.terraform.io/hashicorp/aws\"]",
      "instances": [
        {
          "schema_version": 0,
          "attributes": {
            "application_integration_url": "",
            "arn": "arn:aws:wafv2:us-east-1:760170904058:regional/webacl/WebACL_TESTv2/2596323b-60ae-4d70-bc39-ab179d3a4c1c",
            "association_config": [],
            "capacity": 701,
            "captcha_config": [],
            "challenge_config": [],
            "custom_response_body": [],
            "default_action": [
              {
                "allow": [
                  {
                    "custom_request_handling": []
                  }
                ],
                "block": []
              }
            ],
            "description": "Example of a managed rule.",
            "id": "2596323b-60ae-4d70-bc39-ab179d3a4c1c",
            "lock_token": "cbd0e557-0ad6-44f6-995c-c1080e9c3e4f",
            "name": "WebACL_TESTv2",
            "rule": [
              {
                "action": [],
                "captcha_config": [],
                "name": "rule-1",
                "override_action": [
                  {
                    "count": [
                      {}
                    ],
                    "none": []
                  }
                ],
                "priority": 1,
                "rule_label": [],
                "statement": [
                  {
                    "and_statement": [],
                    "byte_match_statement": [],
                    "geo_match_statement": [],
                    "ip_set_reference_statement": [],
                    "label_match_statement": [],
                    "managed_rule_group_statement": [
                      {
                        "managed_rule_group_configs": [],
                        "name": "AWSManagedRulesCommonRuleSet",
                        "rule_action_override": [
                          {
                            "action_to_use": [
                              {
                                "allow": [],
                                "block": [],
                                "captcha": [],
                                "challenge": [],
                                "count": [
                                  {
                                    "custom_request_handling": []
                                  }
                                ]
                              }
                            ],
                            "name": "SizeRestrictions_QUERYSTRING"
                          },
                          {
                            "action_to_use": [
                              {
                                "allow": [],
                                "block": [],
                                "captcha": [],
                                "challenge": [],
                                "count": [
                                  {
                                    "custom_request_handling": []
                                  }
                                ]
                              }
                            ],
                            "name": "NoUserAgent_HEADER"
                          }
                        ],
                        "scope_down_statement": [
                          {
                            "and_statement": [],
                            "byte_match_statement": [],
                            "geo_match_statement": [
                              {
                                "country_codes": [
                                  "US",
                                  "NL"
                                ],
                                "forwarded_ip_config": []
                              }
                            ],
                            "ip_set_reference_statement": [],
                            "label_match_statement": [],
                            "not_statement": [],
                            "or_statement": [],
                            "regex_match_statement": [],
                            "regex_pattern_set_reference_statement": [],
                            "size_constraint_statement": [],
                            "sqli_match_statement": [],
                            "xss_match_statement": []
                          }
                        ],
                        "vendor_name": "AWS",
                        "version": ""
                      }
                    ],
                    "not_statement": [],
                    "or_statement": [],
                    "rate_based_statement": [],
                    "regex_match_statement": [],
                    "regex_pattern_set_reference_statement": [],
                    "rule_group_reference_statement": [],
                    "size_constraint_statement": [],
                    "sqli_match_statement": [],
                    "xss_match_statement": []
                  }
                ],
                "visibility_config": [
                  {
                    "cloudwatch_metrics_enabled": false,
                    "metric_name": "friendly-rule-metric-name",
                    "sampled_requests_enabled": false
                  }
                ]
              }
            ],
            "rule_json": "",
            "scope": "REGIONAL",
            "tags": {
              "Tag1": "Value1",
              "Tag2": "Value2"
            },
            "tags_all": {
              "Tag1": "Value1",
              "Tag2": "Value2"
            },
            "token_domains": [
              "myotherwebsite.com",
              "mywebsite.com"
            ],
            "visibility_config": [
              {
                "cloudwatch_metrics_enabled": false,
                "metric_name": "friendly-metric-name",
                "sampled_requests_enabled": false
              }
            ]
          },
          "sensitive_attributes": [],
          "private": "bnVsbA=="
        }
      ]
    },
    {
      "mode": "managed",
      "type": "aws_wafv2_web_acl_association",
      "name": "example1_waf",
      "provider": "provider[\"registry.terraform.io/hashicorp/aws\"]",
      "instances": [
        {
          "schema_version": 0,
          "attributes": {
            "id": "arn:aws:wafv2:us-east-1:760170904058:regional/webacl/FMManagedWebACLV2-FMS-TEST-1656966584517/39a94e95-ecc7-40c3-ba22-d4c3d40d99ea,arn:aws:appsync:us-east-1:760170904058:apis/puje7xrnlngepdiutwb3gevlnu",
            "resource_arn": "arn:aws:appsync:us-east-1:760170904058:apis/puje7xrnlngepdiutwb3gevlnu",
            "timeouts": null,
            "web_acl_arn": "arn:aws:wafv2:us-east-1:760170904058:regional/webacl/FMManagedWebACLV2-FMS-TEST-1656966584517/39a94e95-ecc7-40c3-ba22-d4c3d40d99ea"
          },
          "sensitive_attributes": [],
          "private": "eyJlMmJmYjczMC1lY2FhLTExZTYtOGY4OC0zNDM2M2JjN2M0YzAiOnsiY3JlYXRlIjo2MDAwMDAwMDAwMDB9fQ==",
          "dependencies": [
            "aws_appsync_graphql_api.example0",
            "aws_wafv2_web_acl.example1"
          ]
        }
      ]
    },
    {
      "mode": "managed",
      "type": "aws_wafv2_web_acl_association",
      "name": "example2_waf",
      "provider": "provider[\"registry.terraform.io/hashicorp/aws\"]",
      "instances": [
        {
          "schema_version": 0,
          "attributes": {
            "id": "arn:aws:wafv2:us-east-1:760170904058:regional/webacl/WebACL_TESTv2/2596323b-60ae-4d70-bc39-ab179d3a4c1c,arn:aws:appsync:us-east-1:760170904058:apis/puje7xrnlngepdiutwb3gevlnu",
            "resource_arn": "arn:aws:appsync:us-east-1:760170904058:apis/puje7xrnlngepdiutwb3gevlnu",
            "timeouts": null,
            "web_acl_arn": "arn:aws:wafv2:us-east-1:760170904058:regional/webacl/WebACL_TESTv2/2596323b-60ae-4d70-bc39-ab179d3a4c1c"
          },
          "sensitive_attributes": [],
          "private": "eyJlMmJmYjczMC1lY2FhLTExZTYtOGY4OC0zNDM2M2JjN2M0YzAiOnsiY3JlYXRlIjo2MDAwMDAwMDAwMDB9fQ==",
          "dependencies": [
            "aws_appsync_graphql_api.example0",
            "aws_wafv2_web_acl.example2"
          ]
        }
      ]
    }
  ],
  "check_results": null
}
